// !$*UTF8*$!
{
	archiveVersion = 1;
	classes = {
	};
	objectVersion = 70;
	objects = {

/* Begin PBXBuildFile section */
		619B1E2A2CC294A2009A06C3 /* Parent.swift in Sources */ = {isa = PBXBuildFile; fileRef = 619B1E292CC294A2009A06C3 /* Parent.swift */; };
		619B1E2E2CC2A49A009A06C3 /* Grossesse.swift in Sources */ = {isa = PBXBuildFile; fileRef = 619B1E2D2CC2A49A009A06C3 /* Grossesse.swift */; };
		619B1E302CC2A68C009A06C3 /* Enfant.swift in Sources */ = {isa = PBXBuildFile; fileRef = 619B1E2F2CC2A67A009A06C3 /* Enfant.swift */; };
		619B1E322CC2AC71009A06C3 /* ConditionMedicalRegister.swift in Sources */ = {isa = PBXBuildFile; fileRef = 619B1E312CC2AC5B009A06C3 /* ConditionMedicalRegister.swift */; };
		695AA1A72CB6768400D64E06 /* jeunesParentsApp.swift in Sources */ = {isa = PBXBuildFile; fileRef = 695AA1A62CB6768400D64E06 /* jeunesParentsApp.swift */; };
		695AA1A92CB6768400D64E06 /* ContentView.swift in Sources */ = {isa = PBXBuildFile; fileRef = 695AA1A82CB6768400D64E06 /* ContentView.swift */; };
		695AA1AB2CB6768500D64E06 /* Assets.xcassets in Resources */ = {isa = PBXBuildFile; fileRef = 695AA1AA2CB6768500D64E06 /* Assets.xcassets */; };
		695AA1AE2CB6768500D64E06 /* Preview Assets.xcassets in Resources */ = {isa = PBXBuildFile; fileRef = 695AA1AD2CB6768500D64E06 /* Preview Assets.xcassets */; };
		69C5A04F2CC261FC006A88A5 /* Task.swift in Sources */ = {isa = PBXBuildFile; fileRef = 69C5A04E2CC261FC006A88A5 /* Task.swift */; };
		A52CC21C2CC6D65B00232974 /* AuthentificationViewModel.swift in Sources */ = {isa = PBXBuildFile; fileRef = A52CC2192CC6D65B00232974 /* AuthentificationViewModel.swift */; };
		A52CC21D2CC6D65B00232974 /* AuthentificationView.swift in Sources */ = {isa = PBXBuildFile; fileRef = A52CC2172CC6D65B00232974 /* AuthentificationView.swift */; };
		A52CC21E2CC6D65B00232974 /* AuthService.swift in Sources */ = {isa = PBXBuildFile; fileRef = A52CC2152CC6D65B00232974 /* AuthService.swift */; };
		A52CC23A2CC6D87E00232974 /* SplashView.swift in Sources */ = {isa = PBXBuildFile; fileRef = A52CC2372CC6D87E00232974 /* SplashView.swift */; };
		A52CC25F2CC6DB0800232974 /* MyChildView.swift in Sources */ = {isa = PBXBuildFile; fileRef = A52CC25C2CC6DB0800232974 /* MyChildView.swift */; };
		A52CC2602CC6DB0800232974 /* DateCarouselAndChartView.swift in Sources */ = {isa = PBXBuildFile; fileRef = A52CC25B2CC6DB0800232974 /* DateCarouselAndChartView.swift */; };
/* End PBXBuildFile section */

/* Begin PBXFileReference section */
		619B1E292CC294A2009A06C3 /* Parent.swift */ = {isa = PBXFileReference; lastKnownFileType = sourcecode.swift; path = Parent.swift; sourceTree = "<group>"; };
		619B1E2D2CC2A49A009A06C3 /* Grossesse.swift */ = {isa = PBXFileReference; lastKnownFileType = sourcecode.swift; path = Grossesse.swift; sourceTree = "<group>"; };
		619B1E2F2CC2A67A009A06C3 /* Enfant.swift */ = {isa = PBXFileReference; lastKnownFileType = sourcecode.swift; path = Enfant.swift; sourceTree = "<group>"; };
		619B1E312CC2AC5B009A06C3 /* ConditionMedicalRegister.swift */ = {isa = PBXFileReference; lastKnownFileType = sourcecode.swift; path = ConditionMedicalRegister.swift; sourceTree = "<group>"; };
		695AA1A32CB6768400D64E06 /* jeunesParents.app */ = {isa = PBXFileReference; explicitFileType = wrapper.application; includeInIndex = 0; path = jeunesParents.app; sourceTree = BUILT_PRODUCTS_DIR; };
		695AA1A62CB6768400D64E06 /* jeunesParentsApp.swift */ = {isa = PBXFileReference; lastKnownFileType = sourcecode.swift; path = jeunesParentsApp.swift; sourceTree = "<group>"; };
		695AA1A82CB6768400D64E06 /* ContentView.swift */ = {isa = PBXFileReference; lastKnownFileType = sourcecode.swift; path = ContentView.swift; sourceTree = "<group>"; };
		695AA1AA2CB6768500D64E06 /* Assets.xcassets */ = {isa = PBXFileReference; lastKnownFileType = folder.assetcatalog; path = Assets.xcassets; sourceTree = "<group>"; };
		695AA1AD2CB6768500D64E06 /* Preview Assets.xcassets */ = {isa = PBXFileReference; lastKnownFileType = folder.assetcatalog; path = "Preview Assets.xcassets"; sourceTree = "<group>"; };
		69C5A04E2CC261FC006A88A5 /* Task.swift */ = {isa = PBXFileReference; lastKnownFileType = sourcecode.swift; path = Task.swift; sourceTree = "<group>"; };
		A52CC2152CC6D65B00232974 /* AuthService.swift */ = {isa = PBXFileReference; lastKnownFileType = sourcecode.swift; path = AuthService.swift; sourceTree = "<group>"; };
		A52CC2172CC6D65B00232974 /* AuthentificationView.swift */ = {isa = PBXFileReference; lastKnownFileType = sourcecode.swift; path = AuthentificationView.swift; sourceTree = "<group>"; };
		A52CC2192CC6D65B00232974 /* AuthentificationViewModel.swift */ = {isa = PBXFileReference; lastKnownFileType = sourcecode.swift; path = AuthentificationViewModel.swift; sourceTree = "<group>"; };
		A52CC2372CC6D87E00232974 /* SplashView.swift */ = {isa = PBXFileReference; lastKnownFileType = sourcecode.swift; path = SplashView.swift; sourceTree = "<group>"; };
		A52CC25B2CC6DB0800232974 /* DateCarouselAndChartView.swift */ = {isa = PBXFileReference; lastKnownFileType = sourcecode.swift; path = DateCarouselAndChartView.swift; sourceTree = "<group>"; };
		A52CC25C2CC6DB0800232974 /* MyChildView.swift */ = {isa = PBXFileReference; lastKnownFileType = sourcecode.swift; path = MyChildView.swift; sourceTree = "<group>"; };
/* End PBXFileReference section */

/* Begin PBXFileSystemSynchronizedRootGroup section */
		619B1E272CC2910D009A06C3 /* ViewModel */ = {isa = PBXFileSystemSynchronizedRootGroup; explicitFileTypes = {}; explicitFolders = (); path = ViewModel; sourceTree = "<group>"; };
		619B1E282CC291A1009A06C3 /* View */ = {isa = PBXFileSystemSynchronizedRootGroup; explicitFileTypes = {}; explicitFolders = (); path = View; sourceTree = "<group>"; };
/* End PBXFileSystemSynchronizedRootGroup section */

/* Begin PBXFrameworksBuildPhase section */
		695AA1A02CB6768400D64E06 /* Frameworks */ = {
			isa = PBXFrameworksBuildPhase;
			buildActionMask = 2147483647;
			files = (
			);
			runOnlyForDeploymentPostprocessing = 0;
		};
/* End PBXFrameworksBuildPhase section */

/* Begin PBXGroup section */
		619B1E262CC28E3B009A06C3 /* Register */ = {
			isa = PBXGroup;
			children = (
				619B1E282CC291A1009A06C3 /* View */,
				619B1E272CC2910D009A06C3 /* ViewModel */,
			);
			path = Register;
			sourceTree = "<group>";
		};
		695AA19A2CB6768400D64E06 = {
			isa = PBXGroup;
			children = (
				695AA1A52CB6768400D64E06 /* jeunesParents */,
				695AA1A42CB6768400D64E06 /* Products */,
			);
			sourceTree = "<group>";
		};
		695AA1A42CB6768400D64E06 /* Products */ = {
			isa = PBXGroup;
			children = (
				695AA1A32CB6768400D64E06 /* jeunesParents.app */,
			);
			name = Products;
			sourceTree = "<group>";
		};
		695AA1A52CB6768400D64E06 /* jeunesParents */ = {
			isa = PBXGroup;
			children = (
				69C5A04A2CC26130006A88A5 /* App */,
				69C5A04B2CC26177006A88A5 /* Core */,
				69C5A04D2CC261C5006A88A5 /* Model */,
				695AA1AA2CB6768500D64E06 /* Assets.xcassets */,
				695AA1AC2CB6768500D64E06 /* Preview Content */,
			);
			path = jeunesParents;
			sourceTree = "<group>";
		};
		695AA1AC2CB6768500D64E06 /* Preview Content */ = {
			isa = PBXGroup;
			children = (
				695AA1AD2CB6768500D64E06 /* Preview Assets.xcassets */,
			);
			path = "Preview Content";
			sourceTree = "<group>";
		};
		69C5A04A2CC26130006A88A5 /* App */ = {
			isa = PBXGroup;
			children = (
				695AA1A62CB6768400D64E06 /* jeunesParentsApp.swift */,
			);
			path = App;
			sourceTree = "<group>";
		};
		69C5A04B2CC26177006A88A5 /* Core */ = {
			isa = PBXGroup;
			children = (
				A52CC25E2CC6DB0800232974 /* MyChild */,
				A52CC2392CC6D87E00232974 /* Splash View */,
				A52CC21B2CC6D65B00232974 /* Authenfication */,
				619B1E262CC28E3B009A06C3 /* Register */,
				69C5A0502CC2622B006A88A5 /* Home */,
				69C5A04C2CC26199006A88A5 /* Root */,
			);
			path = Core;
			sourceTree = "<group>";
		};
		69C5A04C2CC26199006A88A5 /* Root */ = {
			isa = PBXGroup;
			children = (
				695AA1A82CB6768400D64E06 /* ContentView.swift */,
			);
			path = Root;
			sourceTree = "<group>";
		};
		69C5A04D2CC261C5006A88A5 /* Model */ = {
			isa = PBXGroup;
			children = (
				619B1E312CC2AC5B009A06C3 /* ConditionMedicalRegister.swift */,
				619B1E2F2CC2A67A009A06C3 /* Enfant.swift */,
				69C5A04E2CC261FC006A88A5 /* Task.swift */,
				619B1E292CC294A2009A06C3 /* Parent.swift */,
				619B1E2D2CC2A49A009A06C3 /* Grossesse.swift */,
			);
			path = Model;
			sourceTree = "<group>";
		};
		69C5A0502CC2622B006A88A5 /* Home */ = {
			isa = PBXGroup;
			children = (
				69C5A0512CC26241006A88A5 /* ViewModel */,
				69C5A0522CC2625C006A88A5 /* View */,
			);
			path = Home;
			sourceTree = "<group>";
		};
		69C5A0512CC26241006A88A5 /* ViewModel */ = {
			isa = PBXGroup;
			children = (
			);
			path = ViewModel;
			sourceTree = "<group>";
		};
		69C5A0522CC2625C006A88A5 /* View */ = {
			isa = PBXGroup;
			children = (
			);
			path = View;
			sourceTree = "<group>";
		};
		A52CC2162CC6D65B00232974 /* API Service */ = {
			isa = PBXGroup;
			children = (
				A52CC2152CC6D65B00232974 /* AuthService.swift */,
			);
			path = "API Service";
			sourceTree = "<group>";
		};
		A52CC2182CC6D65B00232974 /* View */ = {
			isa = PBXGroup;
			children = (
				A52CC2172CC6D65B00232974 /* AuthentificationView.swift */,
			);
			path = View;
			sourceTree = "<group>";
		};
		A52CC21A2CC6D65B00232974 /* ViewModel */ = {
			isa = PBXGroup;
			children = (
				A52CC2192CC6D65B00232974 /* AuthentificationViewModel.swift */,
			);
			path = ViewModel;
			sourceTree = "<group>";
		};
		A52CC21B2CC6D65B00232974 /* Authenfication */ = {
			isa = PBXGroup;
			children = (
				A52CC2162CC6D65B00232974 /* API Service */,
				A52CC2182CC6D65B00232974 /* View */,
				A52CC21A2CC6D65B00232974 /* ViewModel */,
			);
			path = Authenfication;
			sourceTree = "<group>";
		};
		A52CC2382CC6D87E00232974 /* View */ = {
			isa = PBXGroup;
			children = (
				A52CC2372CC6D87E00232974 /* SplashView.swift */,
			);
			path = View;
			sourceTree = "<group>";
		};
		A52CC2392CC6D87E00232974 /* Splash View */ = {
			isa = PBXGroup;
			children = (
				A52CC2382CC6D87E00232974 /* View */,
			);
			path = "Splash View";
			sourceTree = "<group>";
		};
		A52CC25D2CC6DB0800232974 /* View */ = {
			isa = PBXGroup;
			children = (
				A52CC25B2CC6DB0800232974 /* DateCarouselAndChartView.swift */,
				A52CC25C2CC6DB0800232974 /* MyChildView.swift */,
			);
			path = View;
			sourceTree = "<group>";
		};
		A52CC25E2CC6DB0800232974 /* MyChild */ = {
			isa = PBXGroup;
			children = (
				A52CC25D2CC6DB0800232974 /* View */,
			);
			path = MyChild;
			sourceTree = "<group>";
		};
/* End PBXGroup section */

/* Begin PBXNativeTarget section */
		695AA1A22CB6768400D64E06 /* jeunesParents */ = {
			isa = PBXNativeTarget;
			buildConfigurationList = 695AA1B12CB6768500D64E06 /* Build configuration list for PBXNativeTarget "jeunesParents" */;
			buildPhases = (
				695AA19F2CB6768400D64E06 /* Sources */,
				695AA1A02CB6768400D64E06 /* Frameworks */,
				695AA1A12CB6768400D64E06 /* Resources */,
			);
			buildRules = (
			);
			dependencies = (
			);
			fileSystemSynchronizedGroups = (
				619B1E272CC2910D009A06C3 /* ViewModel */,
				619B1E282CC291A1009A06C3 /* View */,
			);
			name = jeunesParents;
			productName = jeunesParents;
			productReference = 695AA1A32CB6768400D64E06 /* jeunesParents.app */;
			productType = "com.apple.product-type.application";
		};
/* End PBXNativeTarget section */

/* Begin PBXProject section */
		695AA19B2CB6768400D64E06 /* Project object */ = {
			isa = PBXProject;
			attributes = {
				BuildIndependentTargetsInParallel = 1;
				LastSwiftUpdateCheck = 1540;
				LastUpgradeCheck = 1540;
				TargetAttributes = {
					695AA1A22CB6768400D64E06 = {
						CreatedOnToolsVersion = 15.4;
					};
				};
			};
			buildConfigurationList = 695AA19E2CB6768400D64E06 /* Build configuration list for PBXProject "jeunesParents" */;
			compatibilityVersion = "Xcode 14.0";
			developmentRegion = en;
			hasScannedForEncodings = 0;
			knownRegions = (
				en,
				Base,
			);
			mainGroup = 695AA19A2CB6768400D64E06;
			productRefGroup = 695AA1A42CB6768400D64E06 /* Products */;
			projectDirPath = "";
			projectRoot = "";
			targets = (
				695AA1A22CB6768400D64E06 /* jeunesParents */,
			);
		};
/* End PBXProject section */

/* Begin PBXResourcesBuildPhase section */
		695AA1A12CB6768400D64E06 /* Resources */ = {
			isa = PBXResourcesBuildPhase;
			buildActionMask = 2147483647;
			files = (
				695AA1AE2CB6768500D64E06 /* Preview Assets.xcassets in Resources */,
				695AA1AB2CB6768500D64E06 /* Assets.xcassets in Resources */,
			);
			runOnlyForDeploymentPostprocessing = 0;
		};
/* End PBXResourcesBuildPhase section */

/* Begin PBXSourcesBuildPhase section */
		695AA19F2CB6768400D64E06 /* Sources */ = {
			isa = PBXSourcesBuildPhase;
			buildActionMask = 2147483647;
			files = (
				619B1E2E2CC2A49A009A06C3 /* Grossesse.swift in Sources */,
				695AA1A92CB6768400D64E06 /* ContentView.swift in Sources */,
				A52CC23A2CC6D87E00232974 /* SplashView.swift in Sources */,
				69C5A04F2CC261FC006A88A5 /* Task.swift in Sources */,
				A52CC21C2CC6D65B00232974 /* AuthentificationViewModel.swift in Sources */,
				A52CC21D2CC6D65B00232974 /* AuthentificationView.swift in Sources */,
				A52CC25F2CC6DB0800232974 /* MyChildView.swift in Sources */,
				A52CC2602CC6DB0800232974 /* DateCarouselAndChartView.swift in Sources */,
				A52CC21E2CC6D65B00232974 /* AuthService.swift in Sources */,
				619B1E322CC2AC71009A06C3 /* ConditionMedicalRegister.swift in Sources */,
				619B1E2A2CC294A2009A06C3 /* Parent.swift in Sources */,
				619B1E302CC2A68C009A06C3 /* Enfant.swift in Sources */,
				695AA1A72CB6768400D64E06 /* jeunesParentsApp.swift in Sources */,
			);
			runOnlyForDeploymentPostprocessing = 0;
		};
/* End PBXSourcesBuildPhase section */

/* Begin XCBuildConfiguration section */
		695AA1AF2CB6768500D64E06 /* Debug */ = {
			isa = XCBuildConfiguration;
			buildSettings = {
				ALWAYS_SEARCH_USER_PATHS = NO;
				ASSETCATALOG_COMPILER_GENERATE_SWIFT_ASSET_SYMBOL_EXTENSIONS = YES;
				CLANG_ANALYZER_NONNULL = YES;
				CLANG_ANALYZER_NUMBER_OBJECT_CONVERSION = YES_AGGRESSIVE;
				CLANG_CXX_LANGUAGE_STANDARD = "gnu++20";
				CLANG_ENABLE_MODULES = YES;
				CLANG_ENABLE_OBJC_ARC = YES;
				CLANG_ENABLE_OBJC_WEAK = YES;
				CLANG_WARN_BLOCK_CAPTURE_AUTORELEASING = YES;
				CLANG_WARN_BOOL_CONVERSION = YES;
				CLANG_WARN_COMMA = YES;
				CLANG_WARN_CONSTANT_CONVERSION = YES;
				CLANG_WARN_DEPRECATED_OBJC_IMPLEMENTATIONS = YES;
				CLANG_WARN_DIRECT_OBJC_ISA_USAGE = YES_ERROR;
				CLANG_WARN_DOCUMENTATION_COMMENTS = YES;
				CLANG_WARN_EMPTY_BODY = YES;
				CLANG_WARN_ENUM_CONVERSION = YES;
				CLANG_WARN_INFINITE_RECURSION = YES;
				CLANG_WARN_INT_CONVERSION = YES;
				CLANG_WARN_NON_LITERAL_NULL_CONVERSION = YES;
				CLANG_WARN_OBJC_IMPLICIT_RETAIN_SELF = YES;
				CLANG_WARN_OBJC_LITERAL_CONVERSION = YES;
				CLANG_WARN_OBJC_ROOT_CLASS = YES_ERROR;
				CLANG_WARN_QUOTED_INCLUDE_IN_FRAMEWORK_HEADER = YES;
				CLANG_WARN_RANGE_LOOP_ANALYSIS = YES;
				CLANG_WARN_STRICT_PROTOTYPES = YES;
				CLANG_WARN_SUSPICIOUS_MOVE = YES;
				CLANG_WARN_UNGUARDED_AVAILABILITY = YES_AGGRESSIVE;
				CLANG_WARN_UNREACHABLE_CODE = YES;
				CLANG_WARN__DUPLICATE_METHOD_MATCH = YES;
				COPY_PHASE_STRIP = NO;
				DEBUG_INFORMATION_FORMAT = dwarf;
				ENABLE_STRICT_OBJC_MSGSEND = YES;
				ENABLE_TESTABILITY = YES;
				ENABLE_USER_SCRIPT_SANDBOXING = YES;
				GCC_C_LANGUAGE_STANDARD = gnu17;
				GCC_DYNAMIC_NO_PIC = NO;
				GCC_NO_COMMON_BLOCKS = YES;
				GCC_OPTIMIZATION_LEVEL = 0;
				GCC_PREPROCESSOR_DEFINITIONS = (
					"DEBUG=1",
					"$(inherited)",
				);
				GCC_WARN_64_TO_32_BIT_CONVERSION = YES;
				GCC_WARN_ABOUT_RETURN_TYPE = YES_ERROR;
				GCC_WARN_UNDECLARED_SELECTOR = YES;
				GCC_WARN_UNINITIALIZED_AUTOS = YES_AGGRESSIVE;
				GCC_WARN_UNUSED_FUNCTION = YES;
				GCC_WARN_UNUSED_VARIABLE = YES;
				IPHONEOS_DEPLOYMENT_TARGET = 17.5;
				LOCALIZATION_PREFERS_STRING_CATALOGS = YES;
				MTL_ENABLE_DEBUG_INFO = INCLUDE_SOURCE;
				MTL_FAST_MATH = YES;
				ONLY_ACTIVE_ARCH = YES;
				SDKROOT = iphoneos;
				SWIFT_ACTIVE_COMPILATION_CONDITIONS = "DEBUG $(inherited)";
				SWIFT_OPTIMIZATION_LEVEL = "-Onone";
			};
			name = Debug;
		};
		695AA1B02CB6768500D64E06 /* Release */ = {
			isa = XCBuildConfiguration;
			buildSettings = {
				ALWAYS_SEARCH_USER_PATHS = NO;
				ASSETCATALOG_COMPILER_GENERATE_SWIFT_ASSET_SYMBOL_EXTENSIONS = YES;
				CLANG_ANALYZER_NONNULL = YES;
				CLANG_ANALYZER_NUMBER_OBJECT_CONVERSION = YES_AGGRESSIVE;
				CLANG_CXX_LANGUAGE_STANDARD = "gnu++20";
				CLANG_ENABLE_MODULES = YES;
				CLANG_ENABLE_OBJC_ARC = YES;
				CLANG_ENABLE_OBJC_WEAK = YES;
				CLANG_WARN_BLOCK_CAPTURE_AUTORELEASING = YES;
				CLANG_WARN_BOOL_CONVERSION = YES;
				CLANG_WARN_COMMA = YES;
				CLANG_WARN_CONSTANT_CONVERSION = YES;
				CLANG_WARN_DEPRECATED_OBJC_IMPLEMENTATIONS = YES;
				CLANG_WARN_DIRECT_OBJC_ISA_USAGE = YES_ERROR;
				CLANG_WARN_DOCUMENTATION_COMMENTS = YES;
				CLANG_WARN_EMPTY_BODY = YES;
				CLANG_WARN_ENUM_CONVERSION = YES;
				CLANG_WARN_INFINITE_RECURSION = YES;
				CLANG_WARN_INT_CONVERSION = YES;
				CLANG_WARN_NON_LITERAL_NULL_CONVERSION = YES;
				CLANG_WARN_OBJC_IMPLICIT_RETAIN_SELF = YES;
				CLANG_WARN_OBJC_LITERAL_CONVERSION = YES;
				CLANG_WARN_OBJC_ROOT_CLASS = YES_ERROR;
				CLANG_WARN_QUOTED_INCLUDE_IN_FRAMEWORK_HEADER = YES;
				CLANG_WARN_RANGE_LOOP_ANALYSIS = YES;
				CLANG_WARN_STRICT_PROTOTYPES = YES;
				CLANG_WARN_SUSPICIOUS_MOVE = YES;
				CLANG_WARN_UNGUARDED_AVAILABILITY = YES_AGGRESSIVE;
				CLANG_WARN_UNREACHABLE_CODE = YES;
				CLANG_WARN__DUPLICATE_METHOD_MATCH = YES;
				COPY_PHASE_STRIP = NO;
				DEBUG_INFORMATION_FORMAT = "dwarf-with-dsym";
				ENABLE_NS_ASSERTIONS = NO;
				ENABLE_STRICT_OBJC_MSGSEND = YES;
				ENABLE_USER_SCRIPT_SANDBOXING = YES;
				GCC_C_LANGUAGE_STANDARD = gnu17;
				GCC_NO_COMMON_BLOCKS = YES;
				GCC_WARN_64_TO_32_BIT_CONVERSION = YES;
				GCC_WARN_ABOUT_RETURN_TYPE = YES_ERROR;
				GCC_WARN_UNDECLARED_SELECTOR = YES;
				GCC_WARN_UNINITIALIZED_AUTOS = YES_AGGRESSIVE;
				GCC_WARN_UNUSED_FUNCTION = YES;
				GCC_WARN_UNUSED_VARIABLE = YES;
				IPHONEOS_DEPLOYMENT_TARGET = 17.5;
				LOCALIZATION_PREFERS_STRING_CATALOGS = YES;
				MTL_ENABLE_DEBUG_INFO = NO;
				MTL_FAST_MATH = YES;
				SDKROOT = iphoneos;
				SWIFT_COMPILATION_MODE = wholemodule;
				VALIDATE_PRODUCT = YES;
			};
			name = Release;
		};
		695AA1B22CB6768500D64E06 /* Debug */ = {
			isa = XCBuildConfiguration;
			buildSettings = {
				ASSETCATALOG_COMPILER_APPICON_NAME = AppIcon;
				ASSETCATALOG_COMPILER_GLOBAL_ACCENT_COLOR_NAME = AccentColor;
				CODE_SIGN_STYLE = Automatic;
				CURRENT_PROJECT_VERSION = 1;
				DEVELOPMENT_ASSET_PATHS = "\"jeunesParents/Preview Content\"";
				DEVELOPMENT_TEAM = Q59LZPK2UL;
				ENABLE_PREVIEWS = YES;
				GENERATE_INFOPLIST_FILE = YES;
				INFOPLIST_KEY_UIApplicationSceneManifest_Generation = YES;
				INFOPLIST_KEY_UIApplicationSupportsIndirectInputEvents = YES;
				INFOPLIST_KEY_UILaunchScreen_Generation = YES;
				INFOPLIST_KEY_UISupportedInterfaceOrientations_iPad = "UIInterfaceOrientationPortrait UIInterfaceOrientationPortraitUpsideDown UIInterfaceOrientationLandscapeLeft UIInterfaceOrientationLandscapeRight";
				INFOPLIST_KEY_UISupportedInterfaceOrientations_iPhone = "UIInterfaceOrientationPortrait UIInterfaceOrientationLandscapeLeft UIInterfaceOrientationLandscapeRight";
				LD_RUNPATH_SEARCH_PATHS = (
					"$(inherited)",
					"@executable_path/Frameworks",
				);
				MARKETING_VERSION = 1.0;
				PRODUCT_BUNDLE_IDENTIFIER = Kanita.jeunesParents;
				PRODUCT_NAME = "$(TARGET_NAME)";
				SWIFT_EMIT_LOC_STRINGS = YES;
				SWIFT_VERSION = 5.0;
				TARGETED_DEVICE_FAMILY = "1,2";
			};
			name = Debug;
		};
		695AA1B32CB6768500D64E06 /* Release */ = {
			isa = XCBuildConfiguration;
			buildSettings = {
				ASSETCATALOG_COMPILER_APPICON_NAME = AppIcon;
				ASSETCATALOG_COMPILER_GLOBAL_ACCENT_COLOR_NAME = AccentColor;
				CODE_SIGN_STYLE = Automatic;
				CURRENT_PROJECT_VERSION = 1;
				DEVELOPMENT_ASSET_PATHS = "\"jeunesParents/Preview Content\"";
				DEVELOPMENT_TEAM = Q59LZPK2UL;
				ENABLE_PREVIEWS = YES;
				GENERATE_INFOPLIST_FILE = YES;
				INFOPLIST_KEY_UIApplicationSceneManifest_Generation = YES;
				INFOPLIST_KEY_UIApplicationSupportsIndirectInputEvents = YES;
				INFOPLIST_KEY_UILaunchScreen_Generation = YES;
				INFOPLIST_KEY_UISupportedInterfaceOrientations_iPad = "UIInterfaceOrientationPortrait UIInterfaceOrientationPortraitUpsideDown UIInterfaceOrientationLandscapeLeft UIInterfaceOrientationLandscapeRight";
				INFOPLIST_KEY_UISupportedInterfaceOrientations_iPhone = "UIInterfaceOrientationPortrait UIInterfaceOrientationLandscapeLeft UIInterfaceOrientationLandscapeRight";
				LD_RUNPATH_SEARCH_PATHS = (
					"$(inherited)",
					"@executable_path/Frameworks",
				);
				MARKETING_VERSION = 1.0;
				PRODUCT_BUNDLE_IDENTIFIER = Kanita.jeunesParents;
				PRODUCT_NAME = "$(TARGET_NAME)";
				SWIFT_EMIT_LOC_STRINGS = YES;
				SWIFT_VERSION = 5.0;
				TARGETED_DEVICE_FAMILY = "1,2";
			};
			name = Release;
		};
/* End XCBuildConfiguration section */

/* Begin XCConfigurationList section */
		695AA19E2CB6768400D64E06 /* Build configuration list for PBXProject "jeunesParents" */ = {
			isa = XCConfigurationList;
			buildConfigurations = (
				695AA1AF2CB6768500D64E06 /* Debug */,
				695AA1B02CB6768500D64E06 /* Release */,
			);
			defaultConfigurationIsVisible = 0;
			defaultConfigurationName = Release;
		};
		695AA1B12CB6768500D64E06 /* Build configuration list for PBXNativeTarget "jeunesParents" */ = {
			isa = XCConfigurationList;
			buildConfigurations = (
				695AA1B22CB6768500D64E06 /* Debug */,
				695AA1B32CB6768500D64E06 /* Release */,
			);
			defaultConfigurationIsVisible = 0;
			defaultConfigurationName = Release;
		};
/* End XCConfigurationList section */
	};
	rootObject = 695AA19B2CB6768400D64E06 /* Project object */;
}
